
Microsoft Visual Studio Solution File, Format Version 12.00
# Visual Studio Version 17
VisualStudioVersion = 17.1.32328.378
MinimumVisualStudioVersion = 10.0.40219.1
Project("{FAE04EC0-301F-11D3-BF4B-00C04F79EFBC}") = "ConsoleApp1", "ConsoleApp1\ConsoleApp1.csproj", "{5AAB6045-F345-4631-9EEF-DC672B45C0F8}"
EndProject
Global
	GlobalSection(SolutionConfigurationPlatforms) = preSolution
		Debug|Any CPU = Debug|Any CPU
		Release|Any CPU = Release|Any CPU
	EndGlobalSection
	GlobalSection(ProjectConfigurationPlatforms) = postSolution
		{5AAB6045-F345-4631-9EEF-DC672B45C0F8}.Debug|Any CPU.ActiveCfg = Debug|Any CPU
		{5AAB6045-F345-4631-9EEF-DC672B45C0F8}.Debug|Any CPU.Build.0 = Debug|Any CPU
		{5AAB6045-F345-4631-9EEF-DC672B45C0F8}.Release|Any CPU.ActiveCfg = Release|Any CPU
		{5AAB6045-F345-4631-9EEF-DC672B45C0F8}.Release|Any CPU.Build.0 = Release|Any CPU
	EndGlobalSection
	GlobalSection(SolutionProperties) = preSolution
		HideSolutionNode = FALSE
	EndGlobalSection
	GlobalSection(ExtensibilityGlobals) = postSolution
		SolutionGuid = {E3AB5DFA-58A3-4B93-8F09-11692994534C}
	EndGlobalSection
EndGlobal
